// !$*UTF8*$!
{
	archiveVersion = 1;
	classes = {
	};
	objectVersion = 55;
	objects = {

/* Begin PBXBuildFile section */
		F4298661291820050072D123 /* TabBarController.swift in Sources */ = {isa = PBXBuildFile; fileRef = F4298660291820050072D123 /* TabBarController.swift */; };
		F4298663291821E30072D123 /* InfoViewController.swift in Sources */ = {isa = PBXBuildFile; fileRef = F4298662291821E30072D123 /* InfoViewController.swift */; };
		F4298665291928AD0072D123 /* avatar.JPEG in Resources */ = {isa = PBXBuildFile; fileRef = F4298664291928AD0072D123 /* avatar.JPEG */; };
		F4298667291936290072D123 /* UserViewController.swift in Sources */ = {isa = PBXBuildFile; fileRef = F4298666291936290072D123 /* UserViewController.swift */; };
		F46063D22916770100F15CDF /* AppDelegate.swift in Sources */ = {isa = PBXBuildFile; fileRef = F46063D12916770100F15CDF /* AppDelegate.swift */; };
		F46063D42916770100F15CDF /* SceneDelegate.swift in Sources */ = {isa = PBXBuildFile; fileRef = F46063D32916770100F15CDF /* SceneDelegate.swift */; };
		F46063D62916770100F15CDF /* LoginViewController.swift in Sources */ = {isa = PBXBuildFile; fileRef = F46063D52916770100F15CDF /* LoginViewController.swift */; };
		F46063D92916770100F15CDF /* Main.storyboard in Resources */ = {isa = PBXBuildFile; fileRef = F46063D72916770100F15CDF /* Main.storyboard */; };
		F46063DB2916770400F15CDF /* Assets.xcassets in Resources */ = {isa = PBXBuildFile; fileRef = F46063DA2916770400F15CDF /* Assets.xcassets */; };
		F46063DE2916770400F15CDF /* LaunchScreen.storyboard in Resources */ = {isa = PBXBuildFile; fileRef = F46063DC2916770400F15CDF /* LaunchScreen.storyboard */; };
		F46063E92917438700F15CDF /* WelcomeViewController.swift in Sources */ = {isa = PBXBuildFile; fileRef = F46063E82917438700F15CDF /* WelcomeViewController.swift */; };
		F46063EC29176F8000F15CDF /* User.swift in Sources */ = {isa = PBXBuildFile; fileRef = F46063EB29176F8000F15CDF /* User.swift */; };
/* End PBXBuildFile section */

/* Begin PBXFileReference section */
		F4298660291820050072D123 /* TabBarController.swift */ = {isa = PBXFileReference; lastKnownFileType = sourcecode.swift; name = TabBarController.swift; path = LoginApp/ViewControllers/TabBarController.swift; sourceTree = SOURCE_ROOT; };
		F4298662291821E30072D123 /* InfoViewController.swift */ = {isa = PBXFileReference; lastKnownFileType = sourcecode.swift; name = InfoViewController.swift; path = LoginApp/ViewControllers/InfoViewController.swift; sourceTree = SOURCE_ROOT; };
		F4298664291928AD0072D123 /* avatar.JPEG */ = {isa = PBXFileReference; lastKnownFileType = image.jpeg; name = avatar.JPEG; path = ../../../../../../../Downloads/avatar.JPEG; sourceTree = "<group>"; };
		F4298666291936290072D123 /* UserViewController.swift */ = {isa = PBXFileReference; lastKnownFileType = sourcecode.swift; name = UserViewController.swift; path = LoginApp/ViewControllers/UserViewController.swift; sourceTree = SOURCE_ROOT; };
		F46063CE2916770100F15CDF /* LoginApp.app */ = {isa = PBXFileReference; explicitFileType = wrapper.application; includeInIndex = 0; path = LoginApp.app; sourceTree = BUILT_PRODUCTS_DIR; };
		F46063D12916770100F15CDF /* AppDelegate.swift */ = {isa = PBXFileReference; lastKnownFileType = sourcecode.swift; path = AppDelegate.swift; sourceTree = "<group>"; };
		F46063D32916770100F15CDF /* SceneDelegate.swift */ = {isa = PBXFileReference; lastKnownFileType = sourcecode.swift; path = SceneDelegate.swift; sourceTree = "<group>"; };
		F46063D52916770100F15CDF /* LoginViewController.swift */ = {isa = PBXFileReference; lastKnownFileType = sourcecode.swift; path = LoginViewController.swift; sourceTree = "<group>"; };
		F46063D82916770100F15CDF /* Base */ = {isa = PBXFileReference; lastKnownFileType = file.storyboard; name = Base; path = Base.lproj/Main.storyboard; sourceTree = "<group>"; };
		F46063DA2916770400F15CDF /* Assets.xcassets */ = {isa = PBXFileReference; lastKnownFileType = folder.assetcatalog; path = Assets.xcassets; sourceTree = "<group>"; };
		F46063DD2916770400F15CDF /* Base */ = {isa = PBXFileReference; lastKnownFileType = file.storyboard; name = Base; path = Base.lproj/LaunchScreen.storyboard; sourceTree = "<group>"; };
		F46063DF2916770400F15CDF /* Info.plist */ = {isa = PBXFileReference; lastKnownFileType = text.plist.xml; path = Info.plist; sourceTree = "<group>"; };
		F46063E82917438700F15CDF /* WelcomeViewController.swift */ = {isa = PBXFileReference; lastKnownFileType = sourcecode.swift; name = WelcomeViewController.swift; path = LoginApp/ViewControllers/WelcomeViewController.swift; sourceTree = SOURCE_ROOT; };
		F46063EB29176F8000F15CDF /* User.swift */ = {isa = PBXFileReference; lastKnownFileType = sourcecode.swift; path = User.swift; sourceTree = "<group>"; };
		F4AD2F08291A785200B5E0B1 /* avatar.JPEG */ = {isa = PBXFileReference; lastKnownFileType = image.jpeg; path = avatar.JPEG; sourceTree = "<group>"; };
/* End PBXFileReference section */

/* Begin PBXFrameworksBuildPhase section */
		F46063CB2916770100F15CDF /* Frameworks */ = {
			isa = PBXFrameworksBuildPhase;
			buildActionMask = 2147483647;
			files = (
			);
			runOnlyForDeploymentPostprocessing = 0;
		};
/* End PBXFrameworksBuildPhase section */

/* Begin PBXGroup section */
		F46063C52916770100F15CDF = {
			isa = PBXGroup;
			children = (
				F46063D02916770100F15CDF /* LoginApp */,
				F46063CF2916770100F15CDF /* Products */,
			);
			sourceTree = "<group>";
		};
		F46063CF2916770100F15CDF /* Products */ = {
			isa = PBXGroup;
			children = (
				F46063CE2916770100F15CDF /* LoginApp.app */,
			);
			name = Products;
			sourceTree = "<group>";
		};
		F46063D02916770100F15CDF /* LoginApp */ = {
			isa = PBXGroup;
			children = (
				F46063E5291739E000F15CDF /* ViewControllers */,
				F46063E629173A0200F15CDF /* Storyboards */,
				F46063E729173A2200F15CDF /* SupportFiles */,
				F46063DA2916770400F15CDF /* Assets.xcassets */,
				F4AD2F08291A785200B5E0B1 /* avatar.JPEG */,
				F46063DF2916770400F15CDF /* Info.plist */,
				F46063EA29176D2D00F15CDF /* Model */,
			);
			path = LoginApp;
			sourceTree = "<group>";
		};
		F46063E5291739E000F15CDF /* ViewControllers */ = {
			isa = PBXGroup;
			children = (
				F4298660291820050072D123 /* TabBarController.swift */,
				F46063D52916770100F15CDF /* LoginViewController.swift */,
				F46063E82917438700F15CDF /* WelcomeViewController.swift */,
				F4298666291936290072D123 /* UserViewController.swift */,
				F4298662291821E30072D123 /* InfoViewController.swift */,
			);
			path = ViewControllers;
			sourceTree = "<group>";
		};
		F46063E629173A0200F15CDF /* Storyboards */ = {
			isa = PBXGroup;
			children = (
				F46063D72916770100F15CDF /* Main.storyboard */,
				F46063DC2916770400F15CDF /* LaunchScreen.storyboard */,
			);
			path = Storyboards;
			sourceTree = "<group>";
		};
		F46063E729173A2200F15CDF /* SupportFiles */ = {
			isa = PBXGroup;
			children = (
				F46063D12916770100F15CDF /* AppDelegate.swift */,
				F46063D32916770100F15CDF /* SceneDelegate.swift */,
			);
			path = SupportFiles;
			sourceTree = "<group>";
		};
		F46063EA29176D2D00F15CDF /* Model */ = {
			isa = PBXGroup;
			children = (
				F46063EB29176F8000F15CDF /* User.swift */,
				F4298664291928AD0072D123 /* avatar.JPEG */,
			);
			path = Model;
			sourceTree = "<group>";
		};
/* End PBXGroup section */

/* Begin PBXNativeTarget section */
		F46063CD2916770100F15CDF /* LoginApp */ = {
			isa = PBXNativeTarget;
			buildConfigurationList = F46063E22916770400F15CDF /* Build configuration list for PBXNativeTarget "LoginApp" */;
			buildPhases = (
				F46063CA2916770100F15CDF /* Sources */,
				F46063CB2916770100F15CDF /* Frameworks */,
				F46063CC2916770100F15CDF /* Resources */,
			);
			buildRules = (
			);
			dependencies = (
			);
			name = LoginApp;
			productName = LoginApp;
			productReference = F46063CE2916770100F15CDF /* LoginApp.app */;
			productType = "com.apple.product-type.application";
		};
/* End PBXNativeTarget section */

/* Begin PBXProject section */
		F46063C62916770100F15CDF /* Project object */ = {
			isa = PBXProject;
			attributes = {
				BuildIndependentTargetsInParallel = 1;
				LastSwiftUpdateCheck = 1340;
				LastUpgradeCheck = 1340;
				TargetAttributes = {
					F46063CD2916770100F15CDF = {
						CreatedOnToolsVersion = 13.4.1;
					};
				};
			};
			buildConfigurationList = F46063C92916770100F15CDF /* Build configuration list for PBXProject "LoginApp" */;
			compatibilityVersion = "Xcode 13.0";
			developmentRegion = en;
			hasScannedForEncodings = 0;
			knownRegions = (
				en,
				Base,
			);
			mainGroup = F46063C52916770100F15CDF;
			productRefGroup = F46063CF2916770100F15CDF /* Products */;
			projectDirPath = "";
			projectRoot = "";
			targets = (
				F46063CD2916770100F15CDF /* LoginApp */,
			);
		};
/* End PBXProject section */

/* Begin PBXResourcesBuildPhase section */
		F46063CC2916770100F15CDF /* Resources */ = {
			isa = PBXResourcesBuildPhase;
			buildActionMask = 2147483647;
			files = (
				F46063DE2916770400F15CDF /* LaunchScreen.storyboard in Resources */,
				F4298665291928AD0072D123 /* avatar.JPEG in Resources */,
				F46063DB2916770400F15CDF /* Assets.xcassets in Resources */,
				F46063D92916770100F15CDF /* Main.storyboard in Resources */,
			);
			runOnlyForDeploymentPostprocessing = 0;
		};
/* End PBXResourcesBuildPhase section */

/* Begin PBXSourcesBuildPhase section */
		F46063CA2916770100F15CDF /* Sources */ = {
			isa = PBXSourcesBuildPhase;
			buildActionMask = 2147483647;
			files = (
				F46063D62916770100F15CDF /* LoginViewController.swift in Sources */,
				F4298667291936290072D123 /* UserViewController.swift in Sources */,
				F46063E92917438700F15CDF /* WelcomeViewController.swift in Sources */,
				F46063D22916770100F15CDF /* AppDelegate.swift in Sources */,
				F4298663291821E30072D123 /* InfoViewController.swift in Sources */,
				F4298661291820050072D123 /* TabBarController.swift in Sources */,
				F46063EC29176F8000F15CDF /* User.swift in Sources */,
				F46063D42916770100F15CDF /* SceneDelegate.swift in Sources */,
			);
			runOnlyForDeploymentPostprocessing = 0;
		};
/* End PBXSourcesBuildPhase section */

/* Begin PBXVariantGroup section */
		F46063D72916770100F15CDF /* Main.storyboard */ = {
			isa = PBXVariantGroup;
			children = (
				F46063D82916770100F15CDF /* Base */,
			);
			name = Main.storyboard;
			sourceTree = "<group>";
		};
		F46063DC2916770400F15CDF /* LaunchScreen.storyboard */ = {
			isa = PBXVariantGroup;
			children = (
				F46063DD2916770400F15CDF /* Base */,
			);
			name = LaunchScreen.storyboard;
			sourceTree = "<group>";
		};
/* End PBXVariantGroup section */

/* Begin XCBuildConfiguration section */
		F46063E02916770400F15CDF /* Debug */ = {
			isa = XCBuildConfiguration;
			buildSettings = {
				ALWAYS_SEARCH_USER_PATHS = NO;
				CLANG_ANALYZER_NONNULL = YES;
				CLANG_ANALYZER_NUMBER_OBJECT_CONVERSION = YES_AGGRESSIVE;
				CLANG_CXX_LANGUAGE_STANDARD = "gnu++17";
				CLANG_ENABLE_MODULES = YES;
				CLANG_ENABLE_OBJC_ARC = YES;
				CLANG_ENABLE_OBJC_WEAK = YES;
				CLANG_WARN_BLOCK_CAPTURE_AUTORELEASING = YES;
				CLANG_WARN_BOOL_CONVERSION = YES;
				CLANG_WARN_COMMA = YES;
				CLANG_WARN_CONSTANT_CONVERSION = YES;
				CLANG_WARN_DEPRECATED_OBJC_IMPLEMENTATIONS = YES;
				CLANG_WARN_DIRECT_OBJC_ISA_USAGE = YES_ERROR;
				CLANG_WARN_DOCUMENTATION_COMMENTS = YES;
				CLANG_WARN_EMPTY_BODY = YES;
				CLANG_WARN_ENUM_CONVERSION = YES;
				CLANG_WARN_INFINITE_RECURSION = YES;
				CLANG_WARN_INT_CONVERSION = YES;
				CLANG_WARN_NON_LITERAL_NULL_CONVERSION = YES;
				CLANG_WARN_OBJC_IMPLICIT_RETAIN_SELF = YES;
				CLANG_WARN_OBJC_LITERAL_CONVERSION = YES;
				CLANG_WARN_OBJC_ROOT_CLASS = YES_ERROR;
				CLANG_WARN_QUOTED_INCLUDE_IN_FRAMEWORK_HEADER = YES;
				CLANG_WARN_RANGE_LOOP_ANALYSIS = YES;
				CLANG_WARN_STRICT_PROTOTYPES = YES;
				CLANG_WARN_SUSPICIOUS_MOVE = YES;
				CLANG_WARN_UNGUARDED_AVAILABILITY = YES_AGGRESSIVE;
				CLANG_WARN_UNREACHABLE_CODE = YES;
				CLANG_WARN__DUPLICATE_METHOD_MATCH = YES;
				COPY_PHASE_STRIP = NO;
				DEBUG_INFORMATION_FORMAT = dwarf;
				ENABLE_STRICT_OBJC_MSGSEND = YES;
				ENABLE_TESTABILITY = YES;
				GCC_C_LANGUAGE_STANDARD = gnu11;
				GCC_DYNAMIC_NO_PIC = NO;
				GCC_NO_COMMON_BLOCKS = YES;
				GCC_OPTIMIZATION_LEVEL = 0;
				GCC_PREPROCESSOR_DEFINITIONS = (
					"DEBUG=1",
					"$(inherited)",
				);
				GCC_WARN_64_TO_32_BIT_CONVERSION = YES;
				GCC_WARN_ABOUT_RETURN_TYPE = YES_ERROR;
				GCC_WARN_UNDECLARED_SELECTOR = YES;
				GCC_WARN_UNINITIALIZED_AUTOS = YES_AGGRESSIVE;
				GCC_WARN_UNUSED_FUNCTION = YES;
				GCC_WARN_UNUSED_VARIABLE = YES;
				IPHONEOS_DEPLOYMENT_TARGET = 15.5;
				MTL_ENABLE_DEBUG_INFO = INCLUDE_SOURCE;
				MTL_FAST_MATH = YES;
				ONLY_ACTIVE_ARCH = YES;
				SDKROOT = iphoneos;
				SWIFT_ACTIVE_COMPILATION_CONDITIONS = DEBUG;
				SWIFT_OPTIMIZATION_LEVEL = "-Onone";
			};
			name = Debug;
		};
		F46063E12916770400F15CDF /* Release */ = {
			isa = XCBuildConfiguration;
			buildSettings = {
				ALWAYS_SEARCH_USER_PATHS = NO;
				CLANG_ANALYZER_NONNULL = YES;
				CLANG_ANALYZER_NUMBER_OBJECT_CONVERSION = YES_AGGRESSIVE;
				CLANG_CXX_LANGUAGE_STANDARD = "gnu++17";
				CLANG_ENABLE_MODULES = YES;
				CLANG_ENABLE_OBJC_ARC = YES;
				CLANG_ENABLE_OBJC_WEAK = YES;
				CLANG_WARN_BLOCK_CAPTURE_AUTORELEASING = YES;
				CLANG_WARN_BOOL_CONVERSION = YES;
				CLANG_WARN_COMMA = YES;
				CLANG_WARN_CONSTANT_CONVERSION = YES;
				CLANG_WARN_DEPRECATED_OBJC_IMPLEMENTATIONS = YES;
				CLANG_WARN_DIRECT_OBJC_ISA_USAGE = YES_ERROR;
				CLANG_WARN_DOCUMENTATION_COMMENTS = YES;
				CLANG_WARN_EMPTY_BODY = YES;
				CLANG_WARN_ENUM_CONVERSION = YES;
				CLANG_WARN_INFINITE_RECURSION = YES;
				CLANG_WARN_INT_CONVERSION = YES;
				CLANG_WARN_NON_LITERAL_NULL_CONVERSION = YES;
				CLANG_WARN_OBJC_IMPLICIT_RETAIN_SELF = YES;
				CLANG_WARN_OBJC_LITERAL_CONVERSION = YES;
				CLANG_WARN_OBJC_ROOT_CLASS = YES_ERROR;
				CLANG_WARN_QUOTED_INCLUDE_IN_FRAMEWORK_HEADER = YES;
				CLANG_WARN_RANGE_LOOP_ANALYSIS = YES;
				CLANG_WARN_STRICT_PROTOTYPES = YES;
				CLANG_WARN_SUSPICIOUS_MOVE = YES;
				CLANG_WARN_UNGUARDED_AVAILABILITY = YES_AGGRESSIVE;
				CLANG_WARN_UNREACHABLE_CODE = YES;
				CLANG_WARN__DUPLICATE_METHOD_MATCH = YES;
				COPY_PHASE_STRIP = NO;
				DEBUG_INFORMATION_FORMAT = "dwarf-with-dsym";
				ENABLE_NS_ASSERTIONS = NO;
				ENABLE_STRICT_OBJC_MSGSEND = YES;
				GCC_C_LANGUAGE_STANDARD = gnu11;
				GCC_NO_COMMON_BLOCKS = YES;
				GCC_WARN_64_TO_32_BIT_CONVERSION = YES;
				GCC_WARN_ABOUT_RETURN_TYPE = YES_ERROR;
				GCC_WARN_UNDECLARED_SELECTOR = YES;
				GCC_WARN_UNINITIALIZED_AUTOS = YES_AGGRESSIVE;
				GCC_WARN_UNUSED_FUNCTION = YES;
				GCC_WARN_UNUSED_VARIABLE = YES;
				IPHONEOS_DEPLOYMENT_TARGET = 15.5;
				MTL_ENABLE_DEBUG_INFO = NO;
				MTL_FAST_MATH = YES;
				SDKROOT = iphoneos;
				SWIFT_COMPILATION_MODE = wholemodule;
				SWIFT_OPTIMIZATION_LEVEL = "-O";
				VALIDATE_PRODUCT = YES;
			};
			name = Release;
		};
		F46063E32916770400F15CDF /* Debug */ = {
			isa = XCBuildConfiguration;
			buildSettings = {
				ASSETCATALOG_COMPILER_APPICON_NAME = AppIcon;
				ASSETCATALOG_COMPILER_GLOBAL_ACCENT_COLOR_NAME = AccentColor;
				CODE_SIGN_STYLE = Automatic;
				CURRENT_PROJECT_VERSION = 1;
				DEVELOPMENT_TEAM = Z52WMUYY55;
				GENERATE_INFOPLIST_FILE = YES;
				INFOPLIST_FILE = LoginApp/Info.plist;
				INFOPLIST_KEY_UIApplicationSupportsIndirectInputEvents = YES;
				INFOPLIST_KEY_UILaunchStoryboardName = LaunchScreen;
				INFOPLIST_KEY_UIMainStoryboardFile = Main;
				INFOPLIST_KEY_UISupportedInterfaceOrientations_iPad = "UIInterfaceOrientationPortrait UIInterfaceOrientationPortraitUpsideDown UIInterfaceOrientationLandscapeLeft UIInterfaceOrientationLandscapeRight";
				INFOPLIST_KEY_UISupportedInterfaceOrientations_iPhone = "UIInterfaceOrientationPortrait UIInterfaceOrientationLandscapeLeft UIInterfaceOrientationLandscapeRight";
				LD_RUNPATH_SEARCH_PATHS = (
					"$(inherited)",
					"@executable_path/Frameworks",
				);
				MARKETING_VERSION = 1.0;
				PRODUCT_BUNDLE_IDENTIFIER = project01.LoginApp;
				PRODUCT_NAME = "$(TARGET_NAME)";
				SWIFT_EMIT_LOC_STRINGS = YES;
				SWIFT_VERSION = 5.0;
				TARGETED_DEVICE_FAMILY = "1,2";
			};
			name = Debug;
		};
		F46063E42916770400F15CDF /* Release */ = {
			isa = XCBuildConfiguration;
			buildSettings = {
				ASSETCATALOG_COMPILER_APPICON_NAME = AppIcon;
				ASSETCATALOG_COMPILER_GLOBAL_ACCENT_COLOR_NAME = AccentColor;
				CODE_SIGN_STYLE = Automatic;
				CURRENT_PROJECT_VERSION = 1;
				DEVELOPMENT_TEAM = Z52WMUYY55;
				GENERATE_INFOPLIST_FILE = YES;
				INFOPLIST_FILE = LoginApp/Info.plist;
				INFOPLIST_KEY_UIApplicationSupportsIndirectInputEvents = YES;
				INFOPLIST_KEY_UILaunchStoryboardName = LaunchScreen;
				INFOPLIST_KEY_UIMainStoryboardFile = Main;
				INFOPLIST_KEY_UISupportedInterfaceOrientations_iPad = "UIInterfaceOrientationPortrait UIInterfaceOrientationPortraitUpsideDown UIInterfaceOrientationLandscapeLeft UIInterfaceOrientationLandscapeRight";
				INFOPLIST_KEY_UISupportedInterfaceOrientations_iPhone = "UIInterfaceOrientationPortrait UIInterfaceOrientationLandscapeLeft UIInterfaceOrientationLandscapeRight";
				LD_RUNPATH_SEARCH_PATHS = (
					"$(inherited)",
					"@executable_path/Frameworks",
				);
				MARKETING_VERSION = 1.0;
				PRODUCT_BUNDLE_IDENTIFIER = project01.LoginApp;
				PRODUCT_NAME = "$(TARGET_NAME)";
				SWIFT_EMIT_LOC_STRINGS = YES;
				SWIFT_VERSION = 5.0;
				TARGETED_DEVICE_FAMILY = "1,2";
			};
			name = Release;
		};
/* End XCBuildConfiguration section */

/* Begin XCConfigurationList section */
		F46063C92916770100F15CDF /* Build configuration list for PBXProject "LoginApp" */ = {
			isa = XCConfigurationList;
			buildConfigurations = (
				F46063E02916770400F15CDF /* Debug */,
				F46063E12916770400F15CDF /* Release */,
			);
			defaultConfigurationIsVisible = 0;
			defaultConfigurationName = Release;
		};
		F46063E22916770400F15CDF /* Build configuration list for PBXNativeTarget "LoginApp" */ = {
			isa = XCConfigurationList;
			buildConfigurations = (
				F46063E32916770400F15CDF /* Debug */,
				F46063E42916770400F15CDF /* Release */,
			);
			defaultConfigurationIsVisible = 0;
			defaultConfigurationName = Release;
		};
/* End XCConfigurationList section */
	};
	rootObject = F46063C62916770100F15CDF /* Project object */;
}
